// !$*UTF8*$!
{
	archiveVersion = 1;
	classes = {
	};
	objectVersion = 50;
	objects = {

/* Begin PBXBuildFile section */
		34C4A9FE22DA4E8E007219E2 /* AppDelegate.swift in Sources */ = {isa = PBXBuildFile; fileRef = 34C4A9FD22DA4E8E007219E2 /* AppDelegate.swift */; };
		34C4AA0022DA4E8E007219E2 /* ViewController.swift in Sources */ = {isa = PBXBuildFile; fileRef = 34C4A9FF22DA4E8E007219E2 /* ViewController.swift */; };
		34C4AA0322DA4E8E007219E2 /* Main.storyboard in Resources */ = {isa = PBXBuildFile; fileRef = 34C4AA0122DA4E8E007219E2 /* Main.storyboard */; };
		34C4AA0522DA4E8F007219E2 /* Assets.xcassets in Resources */ = {isa = PBXBuildFile; fileRef = 34C4AA0422DA4E8F007219E2 /* Assets.xcassets */; };
		34C4AA0822DA4E8F007219E2 /* LaunchScreen.storyboard in Resources */ = {isa = PBXBuildFile; fileRef = 34C4AA0622DA4E8F007219E2 /* LaunchScreen.storyboard */; };
		34C4AA1322DA4E8F007219E2 /* MLtrailTests.swift in Sources */ = {isa = PBXBuildFile; fileRef = 34C4AA1222DA4E8F007219E2 /* MLtrailTests.swift */; };
		34C4AA1E22DA4E8F007219E2 /* MLtrailUITests.swift in Sources */ = {isa = PBXBuildFile; fileRef = 34C4AA1D22DA4E8F007219E2 /* MLtrailUITests.swift */; };
		34C4AA2C22DA59A8007219E2 /* SqueezeNet.mlmodel in Sources */ = {isa = PBXBuildFile; fileRef = 34C4AA2B22DA59A8007219E2 /* SqueezeNet.mlmodel */; };
		34C4AA2E22DA5E11007219E2 /* Resnet50.mlmodel in Sources */ = {isa = PBXBuildFile; fileRef = 34C4AA2D22DA5E11007219E2 /* Resnet50.mlmodel */; };
/* End PBXBuildFile section */

/* Begin PBXContainerItemProxy section */
		34C4AA0F22DA4E8F007219E2 /* PBXContainerItemProxy */ = {
			isa = PBXContainerItemProxy;
			containerPortal = 34C4A9F222DA4E8E007219E2 /* Project object */;
			proxyType = 1;
			remoteGlobalIDString = 34C4A9F922DA4E8E007219E2;
			remoteInfo = MLtrail;
		};
		34C4AA1A22DA4E8F007219E2 /* PBXContainerItemProxy */ = {
			isa = PBXContainerItemProxy;
			containerPortal = 34C4A9F222DA4E8E007219E2 /* Project object */;
			proxyType = 1;
			remoteGlobalIDString = 34C4A9F922DA4E8E007219E2;
			remoteInfo = MLtrail;
		};
/* End PBXContainerItemProxy section */

/* Begin PBXFileReference section */
		34C4A9FA22DA4E8E007219E2 /* MLtrail.app */ = {isa = PBXFileReference; explicitFileType = wrapper.application; includeInIndex = 0; path = MLtrail.app; sourceTree = BUILT_PRODUCTS_DIR; };
		34C4A9FD22DA4E8E007219E2 /* AppDelegate.swift */ = {isa = PBXFileReference; lastKnownFileType = sourcecode.swift; path = AppDelegate.swift; sourceTree = "<group>"; };
		34C4A9FF22DA4E8E007219E2 /* ViewController.swift */ = {isa = PBXFileReference; lastKnownFileType = sourcecode.swift; path = ViewController.swift; sourceTree = "<group>"; };
		34C4AA0222DA4E8E007219E2 /* Base */ = {isa = PBXFileReference; lastKnownFileType = file.storyboard; name = Base; path = Base.lproj/Main.storyboard; sourceTree = "<group>"; };
		34C4AA0422DA4E8F007219E2 /* Assets.xcassets */ = {isa = PBXFileReference; lastKnownFileType = folder.assetcatalog; path = Assets.xcassets; sourceTree = "<group>"; };
		34C4AA0722DA4E8F007219E2 /* Base */ = {isa = PBXFileReference; lastKnownFileType = file.storyboard; name = Base; path = Base.lproj/LaunchScreen.storyboard; sourceTree = "<group>"; };
		34C4AA0922DA4E8F007219E2 /* Info.plist */ = {isa = PBXFileReference; lastKnownFileType = text.plist.xml; path = Info.plist; sourceTree = "<group>"; };
		34C4AA0E22DA4E8F007219E2 /* MLtrailTests.xctest */ = {isa = PBXFileReference; explicitFileType = wrapper.cfbundle; includeInIndex = 0; path = MLtrailTests.xctest; sourceTree = BUILT_PRODUCTS_DIR; };
		34C4AA1222DA4E8F007219E2 /* MLtrailTests.swift */ = {isa = PBXFileReference; lastKnownFileType = sourcecode.swift; path = MLtrailTests.swift; sourceTree = "<group>"; };
		34C4AA1422DA4E8F007219E2 /* Info.plist */ = {isa = PBXFileReference; lastKnownFileType = text.plist.xml; path = Info.plist; sourceTree = "<group>"; };
		34C4AA1922DA4E8F007219E2 /* MLtrailUITests.xctest */ = {isa = PBXFileReference; explicitFileType = wrapper.cfbundle; includeInIndex = 0; path = MLtrailUITests.xctest; sourceTree = BUILT_PRODUCTS_DIR; };
		34C4AA1D22DA4E8F007219E2 /* MLtrailUITests.swift */ = {isa = PBXFileReference; lastKnownFileType = sourcecode.swift; path = MLtrailUITests.swift; sourceTree = "<group>"; };
		34C4AA1F22DA4E8F007219E2 /* Info.plist */ = {isa = PBXFileReference; lastKnownFileType = text.plist.xml; path = Info.plist; sourceTree = "<group>"; };
		34C4AA2B22DA59A8007219E2 /* SqueezeNet.mlmodel */ = {isa = PBXFileReference; lastKnownFileType = file.mlmodel; name = SqueezeNet.mlmodel; path = ../../../../Downloads/SqueezeNet.mlmodel; sourceTree = "<group>"; };
		34C4AA2D22DA5E11007219E2 /* Resnet50.mlmodel */ = {isa = PBXFileReference; lastKnownFileType = file.mlmodel; name = Resnet50.mlmodel; path = ../../../../Downloads/Resnet50.mlmodel; sourceTree = "<group>"; };
/* End PBXFileReference section */

/* Begin PBXFrameworksBuildPhase section */
		34C4A9F722DA4E8E007219E2 /* Frameworks */ = {
			isa = PBXFrameworksBuildPhase;
			buildActionMask = 2147483647;
			files = (
			);
			runOnlyForDeploymentPostprocessing = 0;
		};
		34C4AA0B22DA4E8F007219E2 /* Frameworks */ = {
			isa = PBXFrameworksBuildPhase;
			buildActionMask = 2147483647;
			files = (
			);
			runOnlyForDeploymentPostprocessing = 0;
		};
		34C4AA1622DA4E8F007219E2 /* Frameworks */ = {
			isa = PBXFrameworksBuildPhase;
			buildActionMask = 2147483647;
			files = (
			);
			runOnlyForDeploymentPostprocessing = 0;
		};
/* End PBXFrameworksBuildPhase section */

/* Begin PBXGroup section */
		34C4A9F122DA4E8E007219E2 = {
			isa = PBXGroup;
			children = (
				34C4A9FC22DA4E8E007219E2 /* MLtrail */,
				34C4AA1122DA4E8F007219E2 /* MLtrailTests */,
				34C4AA1C22DA4E8F007219E2 /* MLtrailUITests */,
				34C4A9FB22DA4E8E007219E2 /* Products */,
			);
			sourceTree = "<group>";
		};
		34C4A9FB22DA4E8E007219E2 /* Products */ = {
			isa = PBXGroup;
			children = (
				34C4A9FA22DA4E8E007219E2 /* MLtrail.app */,
				34C4AA0E22DA4E8F007219E2 /* MLtrailTests.xctest */,
				34C4AA1922DA4E8F007219E2 /* MLtrailUITests.xctest */,
			);
			name = Products;
			sourceTree = "<group>";
		};
		34C4A9FC22DA4E8E007219E2 /* MLtrail */ = {
			isa = PBXGroup;
			children = (
				34C4A9FD22DA4E8E007219E2 /* AppDelegate.swift */,
				34C4A9FF22DA4E8E007219E2 /* ViewController.swift */,
				34C4AA2B22DA59A8007219E2 /* SqueezeNet.mlmodel */,
				34C4AA2D22DA5E11007219E2 /* Resnet50.mlmodel */,
				34C4AA0122DA4E8E007219E2 /* Main.storyboard */,
				34C4AA0422DA4E8F007219E2 /* Assets.xcassets */,
				34C4AA0622DA4E8F007219E2 /* LaunchScreen.storyboard */,
				34C4AA0922DA4E8F007219E2 /* Info.plist */,
			);
			path = MLtrail;
			sourceTree = "<group>";
		};
		34C4AA1122DA4E8F007219E2 /* MLtrailTests */ = {
			isa = PBXGroup;
			children = (
				34C4AA1222DA4E8F007219E2 /* MLtrailTests.swift */,
				34C4AA1422DA4E8F007219E2 /* Info.plist */,
			);
			path = MLtrailTests;
			sourceTree = "<group>";
		};
		34C4AA1C22DA4E8F007219E2 /* MLtrailUITests */ = {
			isa = PBXGroup;
			children = (
				34C4AA1D22DA4E8F007219E2 /* MLtrailUITests.swift */,
				34C4AA1F22DA4E8F007219E2 /* Info.plist */,
			);
			path = MLtrailUITests;
			sourceTree = "<group>";
		};
/* End PBXGroup section */

/* Begin PBXNativeTarget section */
		34C4A9F922DA4E8E007219E2 /* MLtrail */ = {
			isa = PBXNativeTarget;
			buildConfigurationList = 34C4AA2222DA4E90007219E2 /* Build configuration list for PBXNativeTarget "MLtrail" */;
			buildPhases = (
				34C4A9F622DA4E8E007219E2 /* Sources */,
				34C4A9F722DA4E8E007219E2 /* Frameworks */,
				34C4A9F822DA4E8E007219E2 /* Resources */,
			);
			buildRules = (
			);
			dependencies = (
			);
			name = MLtrail;
			productName = MLtrail;
			productReference = 34C4A9FA22DA4E8E007219E2 /* MLtrail.app */;
			productType = "com.apple.product-type.application";
		};
		34C4AA0D22DA4E8F007219E2 /* MLtrailTests */ = {
			isa = PBXNativeTarget;
			buildConfigurationList = 34C4AA2522DA4E90007219E2 /* Build configuration list for PBXNativeTarget "MLtrailTests" */;
			buildPhases = (
				34C4AA0A22DA4E8F007219E2 /* Sources */,
				34C4AA0B22DA4E8F007219E2 /* Frameworks */,
				34C4AA0C22DA4E8F007219E2 /* Resources */,
			);
			buildRules = (
			);
			dependencies = (
				34C4AA1022DA4E8F007219E2 /* PBXTargetDependency */,
			);
			name = MLtrailTests;
			productName = MLtrailTests;
			productReference = 34C4AA0E22DA4E8F007219E2 /* MLtrailTests.xctest */;
			productType = "com.apple.product-type.bundle.unit-test";
		};
		34C4AA1822DA4E8F007219E2 /* MLtrailUITests */ = {
			isa = PBXNativeTarget;
			buildConfigurationList = 34C4AA2822DA4E90007219E2 /* Build configuration list for PBXNativeTarget "MLtrailUITests" */;
			buildPhases = (
				34C4AA1522DA4E8F007219E2 /* Sources */,
				34C4AA1622DA4E8F007219E2 /* Frameworks */,
				34C4AA1722DA4E8F007219E2 /* Resources */,
			);
			buildRules = (
			);
			dependencies = (
				34C4AA1B22DA4E8F007219E2 /* PBXTargetDependency */,
			);
			name = MLtrailUITests;
			productName = MLtrailUITests;
			productReference = 34C4AA1922DA4E8F007219E2 /* MLtrailUITests.xctest */;
			productType = "com.apple.product-type.bundle.ui-testing";
		};
/* End PBXNativeTarget section */

/* Begin PBXProject section */
		34C4A9F222DA4E8E007219E2 /* Project object */ = {
			isa = PBXProject;
			attributes = {
				LastSwiftUpdateCheck = 1020;
				LastUpgradeCheck = 1020;
				ORGANIZATIONNAME = "Mohith Mullaguru Prabhakar";
				TargetAttributes = {
					34C4A9F922DA4E8E007219E2 = {
						CreatedOnToolsVersion = 10.2.1;
					};
					34C4AA0D22DA4E8F007219E2 = {
						CreatedOnToolsVersion = 10.2.1;
						TestTargetID = 34C4A9F922DA4E8E007219E2;
					};
					34C4AA1822DA4E8F007219E2 = {
						CreatedOnToolsVersion = 10.2.1;
						TestTargetID = 34C4A9F922DA4E8E007219E2;
					};
				};
			};
			buildConfigurationList = 34C4A9F522DA4E8E007219E2 /* Build configuration list for PBXProject "MLtrail" */;
			compatibilityVersion = "Xcode 9.3";
			developmentRegion = en;
			hasScannedForEncodings = 0;
			knownRegions = (
				en,
				Base,
			);
			mainGroup = 34C4A9F122DA4E8E007219E2;
			productRefGroup = 34C4A9FB22DA4E8E007219E2 /* Products */;
			projectDirPath = "";
			projectRoot = "";
			targets = (
				34C4A9F922DA4E8E007219E2 /* MLtrail */,
				34C4AA0D22DA4E8F007219E2 /* MLtrailTests */,
				34C4AA1822DA4E8F007219E2 /* MLtrailUITests */,
			);
		};
/* End PBXProject section */

/* Begin PBXResourcesBuildPhase section */
		34C4A9F822DA4E8E007219E2 /* Resources */ = {
			isa = PBXResourcesBuildPhase;
			buildActionMask = 2147483647;
			files = (
				34C4AA0822DA4E8F007219E2 /* LaunchScreen.storyboard in Resources */,
				34C4AA0522DA4E8F007219E2 /* Assets.xcassets in Resources */,
				34C4AA0322DA4E8E007219E2 /* Main.storyboard in Resources */,
			);
			runOnlyForDeploymentPostprocessing = 0;
		};
		34C4AA0C22DA4E8F007219E2 /* Resources */ = {
			isa = PBXResourcesBuildPhase;
			buildActionMask = 2147483647;
			files = (
			);
			runOnlyForDeploymentPostprocessing = 0;
		};
		34C4AA1722DA4E8F007219E2 /* Resources */ = {
			isa = PBXResourcesBuildPhase;
			buildActionMask = 2147483647;
			files = (
			);
			runOnlyForDeploymentPostprocessing = 0;
		};
/* End PBXResourcesBuildPhase section */

/* Begin PBXSourcesBuildPhase section */
		34C4A9F622DA4E8E007219E2 /* Sources */ = {
			isa = PBXSourcesBuildPhase;
			buildActionMask = 2147483647;
			files = (
				34C4AA0022DA4E8E007219E2 /* ViewController.swift in Sources */,
				34C4AA2C22DA59A8007219E2 /* SqueezeNet.mlmodel in Sources */,
				34C4AA2E22DA5E11007219E2 /* Resnet50.mlmodel in Sources */,
				34C4A9FE22DA4E8E007219E2 /* AppDelegate.swift in Sources */,
			);
			runOnlyForDeploymentPostprocessing = 0;
		};
		34C4AA0A22DA4E8F007219E2 /* Sources */ = {
			isa = PBXSourcesBuildPhase;
			buildActionMask = 2147483647;
			files = (
				34C4AA1322DA4E8F007219E2 /* MLtrailTests.swift in Sources */,
			);
			runOnlyForDeploymentPostprocessing = 0;
		};
		34C4AA1522DA4E8F007219E2 /* Sources */ = {
			isa = PBXSourcesBuildPhase;
			buildActionMask = 2147483647;
			files = (
				34C4AA1E22DA4E8F007219E2 /* MLtrailUITests.swift in Sources */,
			);
			runOnlyForDeploymentPostprocessing = 0;
		};
/* End PBXSourcesBuildPhase section */

/* Begin PBXTargetDependency section */
		34C4AA1022DA4E8F007219E2 /* PBXTargetDependency */ = {
			isa = PBXTargetDependency;
			target = 34C4A9F922DA4E8E007219E2 /* MLtrail */;
			targetProxy = 34C4AA0F22DA4E8F007219E2 /* PBXContainerItemProxy */;
		};
		34C4AA1B22DA4E8F007219E2 /* PBXTargetDependency */ = {
			isa = PBXTargetDependency;
			target = 34C4A9F922DA4E8E007219E2 /* MLtrail */;
			targetProxy = 34C4AA1A22DA4E8F007219E2 /* PBXContainerItemProxy */;
		};
/* End PBXTargetDependency section */

/* Begin PBXVariantGroup section */
		34C4AA0122DA4E8E007219E2 /* Main.storyboard */ = {
			isa = PBXVariantGroup;
			children = (
				34C4AA0222DA4E8E007219E2 /* Base */,
			);
			name = Main.storyboard;
			sourceTree = "<group>";
		};
		34C4AA0622DA4E8F007219E2 /* LaunchScreen.storyboard */ = {
			isa = PBXVariantGroup;
			children = (
				34C4AA0722DA4E8F007219E2 /* Base */,
			);
			name = LaunchScreen.storyboard;
			sourceTree = "<group>";
		};
/* End PBXVariantGroup section */

/* Begin XCBuildConfiguration section */
		34C4AA2022DA4E8F007219E2 /* Debug */ = {
			isa = XCBuildConfiguration;
			buildSettings = {
				ALWAYS_SEARCH_USER_PATHS = NO;
				CLANG_ANALYZER_NONNULL = YES;
				CLANG_ANALYZER_NUMBER_OBJECT_CONVERSION = YES_AGGRESSIVE;
				CLANG_CXX_LANGUAGE_STANDARD = "gnu++14";
				CLANG_CXX_LIBRARY = "libc++";
				CLANG_ENABLE_MODULES = YES;
				CLANG_ENABLE_OBJC_ARC = YES;
				CLANG_ENABLE_OBJC_WEAK = YES;
				CLANG_WARN_BLOCK_CAPTURE_AUTORELEASING = YES;
				CLANG_WARN_BOOL_CONVERSION = YES;
				CLANG_WARN_COMMA = YES;
				CLANG_WARN_CONSTANT_CONVERSION = YES;
				CLANG_WARN_DEPRECATED_OBJC_IMPLEMENTATIONS = YES;
				CLANG_WARN_DIRECT_OBJC_ISA_USAGE = YES_ERROR;
				CLANG_WARN_DOCUMENTATION_COMMENTS = YES;
				CLANG_WARN_EMPTY_BODY = YES;
				CLANG_WARN_ENUM_CONVERSION = YES;
				CLANG_WARN_INFINITE_RECURSION = YES;
				CLANG_WARN_INT_CONVERSION = YES;
				CLANG_WARN_NON_LITERAL_NULL_CONVERSION = YES;
				CLANG_WARN_OBJC_IMPLICIT_RETAIN_SELF = YES;
				CLANG_WARN_OBJC_LITERAL_CONVERSION = YES;
				CLANG_WARN_OBJC_ROOT_CLASS = YES_ERROR;
				CLANG_WARN_RANGE_LOOP_ANALYSIS = YES;
				CLANG_WARN_STRICT_PROTOTYPES = YES;
				CLANG_WARN_SUSPICIOUS_MOVE = YES;
				CLANG_WARN_UNGUARDED_AVAILABILITY = YES_AGGRESSIVE;
				CLANG_WARN_UNREACHABLE_CODE = YES;
				CLANG_WARN__DUPLICATE_METHOD_MATCH = YES;
				CODE_SIGN_IDENTITY = "iPhone Developer";
				COPY_PHASE_STRIP = NO;
				DEBUG_INFORMATION_FORMAT = dwarf;
				ENABLE_STRICT_OBJC_MSGSEND = YES;
				ENABLE_TESTABILITY = YES;
				GCC_C_LANGUAGE_STANDARD = gnu11;
				GCC_DYNAMIC_NO_PIC = NO;
				GCC_NO_COMMON_BLOCKS = YES;
				GCC_OPTIMIZATION_LEVEL = 0;
				GCC_PREPROCESSOR_DEFINITIONS = (
					"DEBUG=1",
					"$(inherited)",
				);
				GCC_WARN_64_TO_32_BIT_CONVERSION = YES;
				GCC_WARN_ABOUT_RETURN_TYPE = YES_ERROR;
				GCC_WARN_UNDECLARED_SELECTOR = YES;
				GCC_WARN_UNINITIALIZED_AUTOS = YES_AGGRESSIVE;
				GCC_WARN_UNUSED_FUNCTION = YES;
				GCC_WARN_UNUSED_VARIABLE = YES;
				IPHONEOS_DEPLOYMENT_TARGET = 12.2;
				MTL_ENABLE_DEBUG_INFO = INCLUDE_SOURCE;
				MTL_FAST_MATH = YES;
				ONLY_ACTIVE_ARCH = YES;
				SDKROOT = iphoneos;
				SWIFT_ACTIVE_COMPILATION_CONDITIONS = DEBUG;
				SWIFT_OPTIMIZATION_LEVEL = "-Onone";
			};
			name = Debug;
		};
		34C4AA2122DA4E90007219E2 /* Release */ = {
			isa = XCBuildConfiguration;
			buildSettings = {
				ALWAYS_SEARCH_USER_PATHS = NO;
				CLANG_ANALYZER_NONNULL = YES;
				CLANG_ANALYZER_NUMBER_OBJECT_CONVERSION = YES_AGGRESSIVE;
				CLANG_CXX_LANGUAGE_STANDARD = "gnu++14";
				CLANG_CXX_LIBRARY = "libc++";
				CLANG_ENABLE_MODULES = YES;
				CLANG_ENABLE_OBJC_ARC = YES;
				CLANG_ENABLE_OBJC_WEAK = YES;
				CLANG_WARN_BLOCK_CAPTURE_AUTORELEASING = YES;
				CLANG_WARN_BOOL_CONVERSION = YES;
				CLANG_WARN_COMMA = YES;
				CLANG_WARN_CONSTANT_CONVERSION = YES;
				CLANG_WARN_DEPRECATED_OBJC_IMPLEMENTATIONS = YES;
				CLANG_WARN_DIRECT_OBJC_ISA_USAGE = YES_ERROR;
				CLANG_WARN_DOCUMENTATION_COMMENTS = YES;
				CLANG_WARN_EMPTY_BODY = YES;
				CLANG_WARN_ENUM_CONVERSION = YES;
				CLANG_WARN_INFINITE_RECURSION = YES;
				CLANG_WARN_INT_CONVERSION = YES;
				CLANG_WARN_NON_LITERAL_NULL_CONVERSION = YES;
				CLANG_WARN_OBJC_IMPLICIT_RETAIN_SELF = YES;
				CLANG_WARN_OBJC_LITERAL_CONVERSION = YES;
				CLANG_WARN_OBJC_ROOT_CLASS = YES_ERROR;
				CLANG_WARN_RANGE_LOOP_ANALYSIS = YES;
				CLANG_WARN_STRICT_PROTOTYPES = YES;
				CLANG_WARN_SUSPICIOUS_MOVE = YES;
				CLANG_WARN_UNGUARDED_AVAILABILITY = YES_AGGRESSIVE;
				CLANG_WARN_UNREACHABLE_CODE = YES;
				CLANG_WARN__DUPLICATE_METHOD_MATCH = YES;
				CODE_SIGN_IDENTITY = "iPhone Developer";
				COPY_PHASE_STRIP = NO;
				DEBUG_INFORMATION_FORMAT = "dwarf-with-dsym";
				ENABLE_NS_ASSERTIONS = NO;
				ENABLE_STRICT_OBJC_MSGSEND = YES;
				GCC_C_LANGUAGE_STANDARD = gnu11;
				GCC_NO_COMMON_BLOCKS = YES;
				GCC_WARN_64_TO_32_BIT_CONVERSION = YES;
				GCC_WARN_ABOUT_RETURN_TYPE = YES_ERROR;
				GCC_WARN_UNDECLARED_SELECTOR = YES;
				GCC_WARN_UNINITIALIZED_AUTOS = YES_AGGRESSIVE;
				GCC_WARN_UNUSED_FUNCTION = YES;
				GCC_WARN_UNUSED_VARIABLE = YES;
				IPHONEOS_DEPLOYMENT_TARGET = 12.2;
				MTL_ENABLE_DEBUG_INFO = NO;
				MTL_FAST_MATH = YES;
				SDKROOT = iphoneos;
				SWIFT_COMPILATION_MODE = wholemodule;
				SWIFT_OPTIMIZATION_LEVEL = "-O";
				VALIDATE_PRODUCT = YES;
			};
			name = Release;
		};
		34C4AA2322DA4E90007219E2 /* Debug */ = {
			isa = XCBuildConfiguration;
			buildSettings = {
				ASSETCATALOG_COMPILER_APPICON_NAME = AppIcon;
				CODE_SIGN_STYLE = Automatic;
				DEVELOPMENT_TEAM = TA9K598L6R;
				INFOPLIST_FILE = MLtrail/Info.plist;
				LD_RUNPATH_SEARCH_PATHS = (
					"$(inherited)",
					"@executable_path/Frameworks",
				);
				PRODUCT_BUNDLE_IDENTIFIER = com.ar.arkittrail1.MLtrail;
				PRODUCT_NAME = "$(TARGET_NAME)";
				SWIFT_VERSION = 5.0;
				TARGETED_DEVICE_FAMILY = "1,2";
			};
			name = Debug;
		};
		34C4AA2422DA4E90007219E2 /* Release */ = {
			isa = XCBuildConfiguration;
			buildSettings = {
				ASSETCATALOG_COMPILER_APPICON_NAME = AppIcon;
				CODE_SIGN_STYLE = Automatic;
				DEVELOPMENT_TEAM = TA9K598L6R;
				INFOPLIST_FILE = MLtrail/Info.plist;
				LD_RUNPATH_SEARCH_PATHS = (
					"$(inherited)",
					"@executable_path/Frameworks",
				);
				PRODUCT_BUNDLE_IDENTIFIER = com.ar.arkittrail1.MLtrail;
				PRODUCT_NAME = "$(TARGET_NAME)";
				SWIFT_VERSION = 5.0;
				TARGETED_DEVICE_FAMILY = "1,2";
			};
			name = Release;
		};
		34C4AA2622DA4E90007219E2 /* Debug */ = {
			isa = XCBuildConfiguration;
			buildSettings = {
				ALWAYS_EMBED_SWIFT_STANDARD_LIBRARIES = YES;
				BUNDLE_LOADER = "$(TEST_HOST)";
				CODE_SIGN_STYLE = Automatic;
				DEVELOPMENT_TEAM = TA9K598L6R;
				INFOPLIST_FILE = MLtrailTests/Info.plist;
				LD_RUNPATH_SEARCH_PATHS = (
					"$(inherited)",
					"@executable_path/Frameworks",
					"@loader_path/Frameworks",
				);
				PRODUCT_BUNDLE_IDENTIFIER = com.ar.arkittrail1.MLtrailTests;
				PRODUCT_NAME = "$(TARGET_NAME)";
				SWIFT_VERSION = 5.0;
				TARGETED_DEVICE_FAMILY = "1,2";
				TEST_HOST = "$(BUILT_PRODUCTS_DIR)/MLtrail.app/MLtrail";
			};
			name = Debug;
		};
		34C4AA2722DA4E90007219E2 /* Release */ = {
			isa = XCBuildConfiguration;
			buildSettings = {
				ALWAYS_EMBED_SWIFT_STANDARD_LIBRARIES = YES;
				BUNDLE_LOADER = "$(TEST_HOST)";
				CODE_SIGN_STYLE = Automatic;
				DEVELOPMENT_TEAM = TA9K598L6R;
				INFOPLIST_FILE = MLtrailTests/Info.plist;
				LD_RUNPATH_SEARCH_PATHS = (
					"$(inherited)",
					"@executable_path/Frameworks",
					"@loader_path/Frameworks",
				);
				PRODUCT_BUNDLE_IDENTIFIER = com.ar.arkittrail1.MLtrailTests;
				PRODUCT_NAME = "$(TARGET_NAME)";
				SWIFT_VERSION = 5.0;
				TARGETED_DEVICE_FAMILY = "1,2";
				TEST_HOST = "$(BUILT_PRODUCTS_DIR)/MLtrail.app/MLtrail";
			};
			name = Release;
		};
		34C4AA2922DA4E90007219E2 /* Debug */ = {
			isa = XCBuildConfiguration;
			buildSettings = {
				ALWAYS_EMBED_SWIFT_STANDARD_LIBRARIES = YES;
				CODE_SIGN_STYLE = Automatic;
				DEVELOPMENT_TEAM = TA9K598L6R;
				INFOPLIST_FILE = MLtrailUITests/Info.plist;
				LD_RUNPATH_SEARCH_PATHS = (
					"$(inherited)",
					"@executable_path/Frameworks",
					"@loader_path/Frameworks",
				);
				PRODUCT_BUNDLE_IDENTIFIER = com.ar.arkittrail1.MLtrailUITests;
				PRODUCT_NAME = "$(TARGET_NAME)";
				SWIFT_VERSION = 5.0;
				TARGETED_DEVICE_FAMILY = "1,2";
				TEST_TARGET_NAME = MLtrail;
			};
			name = Debug;
		};
		34C4AA2A22DA4E90007219E2 /* Release */ = {
			isa = XCBuildConfiguration;
			buildSettings = {
				ALWAYS_EMBED_SWIFT_STANDARD_LIBRARIES = YES;
				CODE_SIGN_STYLE = Automatic;
				DEVELOPMENT_TEAM = TA9K598L6R;
				INFOPLIST_FILE = MLtrailUITests/Info.plist;
				LD_RUNPATH_SEARCH_PATHS = (
					"$(inherited)",
					"@executable_path/Frameworks",
					"@loader_path/Frameworks",
				);
				PRODUCT_BUNDLE_IDENTIFIER = com.ar.arkittrail1.MLtrailUITests;
				PRODUCT_NAME = "$(TARGET_NAME)";
				SWIFT_VERSION = 5.0;
				TARGETED_DEVICE_FAMILY = "1,2";
				TEST_TARGET_NAME = MLtrail;
			};
			name = Release;
		};
/* End XCBuildConfiguration section */

/* Begin XCConfigurationList section */
		34C4A9F522DA4E8E007219E2 /* Build configuration list for PBXProject "MLtrail" */ = {
			isa = XCConfigurationList;
			buildConfigurations = (
				34C4AA2022DA4E8F007219E2 /* Debug */,
				34C4AA2122DA4E90007219E2 /* Release */,
			);
			defaultConfigurationIsVisible = 0;
			defaultConfigurationName = Release;
		};
		34C4AA2222DA4E90007219E2 /* Build configuration list for PBXNativeTarget "MLtrail" */ = {
			isa = XCConfigurationList;
			buildConfigurations = (
				34C4AA2322DA4E90007219E2 /* Debug */,
				34C4AA2422DA4E90007219E2 /* Release */,
			);
			defaultConfigurationIsVisible = 0;
			defaultConfigurationName = Release;
		};
		34C4AA2522DA4E90007219E2 /* Build configuration list for PBXNativeTarget "MLtrailTests" */ = {
			isa = XCConfigurationList;
			buildConfigurations = (
				34C4AA2622DA4E90007219E2 /* Debug */,
				34C4AA2722DA4E90007219E2 /* Release */,
			);
			defaultConfigurationIsVisible = 0;
			defaultConfigurationName = Release;
		};
		34C4AA2822DA4E90007219E2 /* Build configuration list for PBXNativeTarget "MLtrailUITests" */ = {
			isa = XCConfigurationList;
			buildConfigurations = (
				34C4AA2922DA4E90007219E2 /* Debug */,
				34C4AA2A22DA4E90007219E2 /* Release */,
			);
			defaultConfigurationIsVisible = 0;
			defaultConfigurationName = Release;
		};
/* End XCConfigurationList section */
	};
	rootObject = 34C4A9F222DA4E8E007219E2 /* Project object */;
}
